// !$*UTF8*$!
{
	archiveVersion = 1;
	classes = {
	};
	objectVersion = 56;
	objects = {

/* Begin PBXBuildFile section */
		0D46F4E02AEAD7FA0026828A /* SaleDetailView.swift in Sources */ = {isa = PBXBuildFile; fileRef = 0D46F4DF2AEAD7FA0026828A /* SaleDetailView.swift */; };
		0D46F4E22AEAE53E0026828A /* ImagePicker.swift in Sources */ = {isa = PBXBuildFile; fileRef = 0D46F4E12AEAE53E0026828A /* ImagePicker.swift */; };
		0D46F4F72AED28C30026828A /* SignOutPage.swift in Sources */ = {isa = PBXBuildFile; fileRef = 0D46F4F62AED28C30026828A /* SignOutPage.swift */; };
		0D46F4F92AED6FA70026828A /* SessionManager.swift in Sources */ = {isa = PBXBuildFile; fileRef = 0D46F4F82AED6FA70026828A /* SessionManager.swift */; };
		0D85B7F12AEA801200656112 /* SaleModel.swift in Sources */ = {isa = PBXBuildFile; fileRef = 0D85B7F02AEA801100656112 /* SaleModel.swift */; };
		0D85B7F32AEA817D00656112 /* SaleStore.swift in Sources */ = {isa = PBXBuildFile; fileRef = 0D85B7F22AEA817D00656112 /* SaleStore.swift */; };
		0D85B7F62AEA983200656112 /* FirebaseStorage in Frameworks */ = {isa = PBXBuildFile; productRef = 0D85B7F52AEA983200656112 /* FirebaseStorage */; };
		0D9057A22AE3E2CC008A03F4 /* Launch Screen.storyboard in Resources */ = {isa = PBXBuildFile; fileRef = 0D9057A12AE3E2CB008A03F4 /* Launch Screen.storyboard */; };
		0DB8C5B72AEE76510091A395 /* ChatModel.swift in Sources */ = {isa = PBXBuildFile; fileRef = 0DB8C5B62AEE76510091A395 /* ChatModel.swift */; };
		0DB8C5BB2AEE8B4B0091A395 /* ChatStore.swift in Sources */ = {isa = PBXBuildFile; fileRef = 0DB8C5BA2AEE8B4B0091A395 /* ChatStore.swift */; };
		0DB8C5BD2AEE99A00091A395 /* ChatRow.swift in Sources */ = {isa = PBXBuildFile; fileRef = 0DB8C5BC2AEE99A00091A395 /* ChatRow.swift */; };
		0DD0C00B2AE14CB30013D6A6 /* LetgoCloneApp.swift in Sources */ = {isa = PBXBuildFile; fileRef = 0DD0C00A2AE14CB30013D6A6 /* LetgoCloneApp.swift */; };
		0DD0C00F2AE14CB60013D6A6 /* Assets.xcassets in Resources */ = {isa = PBXBuildFile; fileRef = 0DD0C00E2AE14CB60013D6A6 /* Assets.xcassets */; };
		0DD0C0122AE14CB60013D6A6 /* Preview Assets.xcassets in Resources */ = {isa = PBXBuildFile; fileRef = 0DD0C0112AE14CB60013D6A6 /* Preview Assets.xcassets */; };
		0DD0C0252AE150BE0013D6A6 /* GoogleService-Info.plist in Resources */ = {isa = PBXBuildFile; fileRef = 0DD0C0242AE150BE0013D6A6 /* GoogleService-Info.plist */; };
		0DD0C0282AE151AA0013D6A6 /* FirebaseAuth in Frameworks */ = {isa = PBXBuildFile; productRef = 0DD0C0272AE151AA0013D6A6 /* FirebaseAuth */; };
		0DD0C02A2AE151AA0013D6A6 /* FirebaseFirestore in Frameworks */ = {isa = PBXBuildFile; productRef = 0DD0C0292AE151AA0013D6A6 /* FirebaseFirestore */; };
		0DD0C02F2AE16E940013D6A6 /* UserModel.swift in Sources */ = {isa = PBXBuildFile; fileRef = 0DD0C02E2AE16E940013D6A6 /* UserModel.swift */; };
		0DD0C0312AE16FDC0013D6A6 /* UserStore.swift in Sources */ = {isa = PBXBuildFile; fileRef = 0DD0C0302AE16FDC0013D6A6 /* UserStore.swift */; };
		0DD0C0332AE170990013D6A6 /* SignInPage.swift in Sources */ = {isa = PBXBuildFile; fileRef = 0DD0C0322AE170990013D6A6 /* SignInPage.swift */; };
		0DD0C0372AE1A94A0013D6A6 /* TabBarPage.swift in Sources */ = {isa = PBXBuildFile; fileRef = 0DD0C0362AE1A94A0013D6A6 /* TabBarPage.swift */; };
		0DD0C0392AE1A9D50013D6A6 /* ProfilePage.swift in Sources */ = {isa = PBXBuildFile; fileRef = 0DD0C0382AE1A9D50013D6A6 /* ProfilePage.swift */; };
		0DD0C03B2AE1A9E40013D6A6 /* ChatPage.swift in Sources */ = {isa = PBXBuildFile; fileRef = 0DD0C03A2AE1A9E40013D6A6 /* ChatPage.swift */; };
		0DD0C03D2AE1A9F60013D6A6 /* SalePublishPage.swift in Sources */ = {isa = PBXBuildFile; fileRef = 0DD0C03C2AE1A9F60013D6A6 /* SalePublishPage.swift */; };
		0DD0C03F2AE1AA0F0013D6A6 /* SaleCreatePage.swift in Sources */ = {isa = PBXBuildFile; fileRef = 0DD0C03E2AE1AA0F0013D6A6 /* SaleCreatePage.swift */; };
/* End PBXBuildFile section */

/* Begin PBXFileReference section */
		0D46F4DF2AEAD7FA0026828A /* SaleDetailView.swift */ = {isa = PBXFileReference; lastKnownFileType = sourcecode.swift; path = SaleDetailView.swift; sourceTree = "<group>"; };
		0D46F4E12AEAE53E0026828A /* ImagePicker.swift */ = {isa = PBXFileReference; lastKnownFileType = sourcecode.swift; path = ImagePicker.swift; sourceTree = "<group>"; };
		0D46F4F62AED28C30026828A /* SignOutPage.swift */ = {isa = PBXFileReference; lastKnownFileType = sourcecode.swift; path = SignOutPage.swift; sourceTree = "<group>"; };
		0D46F4F82AED6FA70026828A /* SessionManager.swift */ = {isa = PBXFileReference; lastKnownFileType = sourcecode.swift; path = SessionManager.swift; sourceTree = "<group>"; };
		0D85B7F02AEA801100656112 /* SaleModel.swift */ = {isa = PBXFileReference; lastKnownFileType = sourcecode.swift; path = SaleModel.swift; sourceTree = "<group>"; };
		0D85B7F22AEA817D00656112 /* SaleStore.swift */ = {isa = PBXFileReference; lastKnownFileType = sourcecode.swift; path = SaleStore.swift; sourceTree = "<group>"; };
		0D9057A12AE3E2CB008A03F4 /* Launch Screen.storyboard */ = {isa = PBXFileReference; lastKnownFileType = file.storyboard; path = "Launch Screen.storyboard"; sourceTree = "<group>"; };
		0DB8C5B62AEE76510091A395 /* ChatModel.swift */ = {isa = PBXFileReference; lastKnownFileType = sourcecode.swift; path = ChatModel.swift; sourceTree = "<group>"; };
		0DB8C5BA2AEE8B4B0091A395 /* ChatStore.swift */ = {isa = PBXFileReference; lastKnownFileType = sourcecode.swift; path = ChatStore.swift; sourceTree = "<group>"; };
		0DB8C5BC2AEE99A00091A395 /* ChatRow.swift */ = {isa = PBXFileReference; lastKnownFileType = sourcecode.swift; path = ChatRow.swift; sourceTree = "<group>"; };
		0DD0C0072AE14CB20013D6A6 /* LetgoClone.app */ = {isa = PBXFileReference; explicitFileType = wrapper.application; includeInIndex = 0; path = LetgoClone.app; sourceTree = BUILT_PRODUCTS_DIR; };
		0DD0C00A2AE14CB30013D6A6 /* LetgoCloneApp.swift */ = {isa = PBXFileReference; lastKnownFileType = sourcecode.swift; path = LetgoCloneApp.swift; sourceTree = "<group>"; };
		0DD0C00E2AE14CB60013D6A6 /* Assets.xcassets */ = {isa = PBXFileReference; lastKnownFileType = folder.assetcatalog; path = Assets.xcassets; sourceTree = "<group>"; };
		0DD0C0112AE14CB60013D6A6 /* Preview Assets.xcassets */ = {isa = PBXFileReference; lastKnownFileType = folder.assetcatalog; path = "Preview Assets.xcassets"; sourceTree = "<group>"; };
		0DD0C0242AE150BE0013D6A6 /* GoogleService-Info.plist */ = {isa = PBXFileReference; fileEncoding = 4; lastKnownFileType = text.plist.xml; name = "GoogleService-Info.plist"; path = "../../../Downloads/GoogleService-Info.plist"; sourceTree = "<group>"; };
		0DD0C02E2AE16E940013D6A6 /* UserModel.swift */ = {isa = PBXFileReference; lastKnownFileType = sourcecode.swift; path = UserModel.swift; sourceTree = "<group>"; };
		0DD0C0302AE16FDC0013D6A6 /* UserStore.swift */ = {isa = PBXFileReference; lastKnownFileType = sourcecode.swift; path = UserStore.swift; sourceTree = "<group>"; };
		0DD0C0322AE170990013D6A6 /* SignInPage.swift */ = {isa = PBXFileReference; lastKnownFileType = sourcecode.swift; path = SignInPage.swift; sourceTree = "<group>"; };
		0DD0C0362AE1A94A0013D6A6 /* TabBarPage.swift */ = {isa = PBXFileReference; lastKnownFileType = sourcecode.swift; path = TabBarPage.swift; sourceTree = "<group>"; };
		0DD0C0382AE1A9D50013D6A6 /* ProfilePage.swift */ = {isa = PBXFileReference; lastKnownFileType = sourcecode.swift; path = ProfilePage.swift; sourceTree = "<group>"; };
		0DD0C03A2AE1A9E40013D6A6 /* ChatPage.swift */ = {isa = PBXFileReference; lastKnownFileType = sourcecode.swift; path = ChatPage.swift; sourceTree = "<group>"; };
		0DD0C03C2AE1A9F60013D6A6 /* SalePublishPage.swift */ = {isa = PBXFileReference; lastKnownFileType = sourcecode.swift; path = SalePublishPage.swift; sourceTree = "<group>"; };
		0DD0C03E2AE1AA0F0013D6A6 /* SaleCreatePage.swift */ = {isa = PBXFileReference; lastKnownFileType = sourcecode.swift; path = SaleCreatePage.swift; sourceTree = "<group>"; };
/* End PBXFileReference section */

/* Begin PBXFrameworksBuildPhase section */
		0DD0C0042AE14CB20013D6A6 /* Frameworks */ = {
			isa = PBXFrameworksBuildPhase;
			buildActionMask = 2147483647;
			files = (
				0DD0C0282AE151AA0013D6A6 /* FirebaseAuth in Frameworks */,
				0DD0C02A2AE151AA0013D6A6 /* FirebaseFirestore in Frameworks */,
				0D85B7F62AEA983200656112 /* FirebaseStorage in Frameworks */,
			);
			runOnlyForDeploymentPostprocessing = 0;
		};
/* End PBXFrameworksBuildPhase section */

/* Begin PBXGroup section */
		0D85B7F42AEA983200656112 /* Frameworks */ = {
			isa = PBXGroup;
			children = (
			);
			name = Frameworks;
			sourceTree = "<group>";
		};
		0DD0BFFE2AE14CB20013D6A6 = {
			isa = PBXGroup;
			children = (
				0DD0C0092AE14CB20013D6A6 /* LetgoClone */,
				0DD0C0082AE14CB20013D6A6 /* Products */,
				0D85B7F42AEA983200656112 /* Frameworks */,
			);
			sourceTree = "<group>";
		};
		0DD0C0082AE14CB20013D6A6 /* Products */ = {
			isa = PBXGroup;
			children = (
				0DD0C0072AE14CB20013D6A6 /* LetgoClone.app */,
			);
			name = Products;
			sourceTree = "<group>";
		};
		0DD0C0092AE14CB20013D6A6 /* LetgoClone */ = {
			isa = PBXGroup;
			children = (
				0DD0C02D2AE15B6A0013D6A6 /* pages */,
				0DD0C02C2AE15B580013D6A6 /* model */,
				0DD0C02B2AE15B410013D6A6 /* data */,
				0DD0C00A2AE14CB30013D6A6 /* LetgoCloneApp.swift */,
				0DD0C0242AE150BE0013D6A6 /* GoogleService-Info.plist */,
				0DD0C00E2AE14CB60013D6A6 /* Assets.xcassets */,
				0DD0C0102AE14CB60013D6A6 /* Preview Content */,
			);
			path = LetgoClone;
			sourceTree = "<group>";
		};
		0DD0C0102AE14CB60013D6A6 /* Preview Content */ = {
			isa = PBXGroup;
			children = (
				0DD0C0112AE14CB60013D6A6 /* Preview Assets.xcassets */,
				0D9057A12AE3E2CB008A03F4 /* Launch Screen.storyboard */,
			);
			path = "Preview Content";
			sourceTree = "<group>";
		};
		0DD0C02B2AE15B410013D6A6 /* data */ = {
			isa = PBXGroup;
			children = (
				0D46F4E12AEAE53E0026828A /* ImagePicker.swift */,
				0D46F4F82AED6FA70026828A /* SessionManager.swift */,
			);
			path = data;
			sourceTree = "<group>";
		};
		0DD0C02C2AE15B580013D6A6 /* model */ = {
			isa = PBXGroup;
			children = (
				0DD0C02E2AE16E940013D6A6 /* UserModel.swift */,
				0DD0C0302AE16FDC0013D6A6 /* UserStore.swift */,
				0D85B7F02AEA801100656112 /* SaleModel.swift */,
				0D85B7F22AEA817D00656112 /* SaleStore.swift */,
				0DB8C5B62AEE76510091A395 /* ChatModel.swift */,
				0DB8C5BA2AEE8B4B0091A395 /* ChatStore.swift */,
				0DB8C5BC2AEE99A00091A395 /* ChatRow.swift */,
			);
			path = model;
			sourceTree = "<group>";
		};
		0DD0C02D2AE15B6A0013D6A6 /* pages */ = {
			isa = PBXGroup;
			children = (
				0DD0C0322AE170990013D6A6 /* SignInPage.swift */,
				0DD0C0362AE1A94A0013D6A6 /* TabBarPage.swift */,
				0DD0C0382AE1A9D50013D6A6 /* ProfilePage.swift */,
				0DD0C03A2AE1A9E40013D6A6 /* ChatPage.swift */,
				0DD0C03C2AE1A9F60013D6A6 /* SalePublishPage.swift */,
				0DD0C03E2AE1AA0F0013D6A6 /* SaleCreatePage.swift */,
				0D46F4F62AED28C30026828A /* SignOutPage.swift */,
				0D46F4DF2AEAD7FA0026828A /* SaleDetailView.swift */,
			);
			path = pages;
			sourceTree = "<group>";
		};
/* End PBXGroup section */

/* Begin PBXNativeTarget section */
		0DD0C0062AE14CB20013D6A6 /* LetgoClone */ = {
			isa = PBXNativeTarget;
			buildConfigurationList = 0DD0C0152AE14CB60013D6A6 /* Build configuration list for PBXNativeTarget "LetgoClone" */;
			buildPhases = (
				0DD0C0032AE14CB20013D6A6 /* Sources */,
				0DD0C0042AE14CB20013D6A6 /* Frameworks */,
				0DD0C0052AE14CB20013D6A6 /* Resources */,
			);
			buildRules = (
			);
			dependencies = (
			);
			name = LetgoClone;
			packageProductDependencies = (
				0DD0C0272AE151AA0013D6A6 /* FirebaseAuth */,
				0DD0C0292AE151AA0013D6A6 /* FirebaseFirestore */,
				0D85B7F52AEA983200656112 /* FirebaseStorage */,
			);
			productName = LetgoClone;
			productReference = 0DD0C0072AE14CB20013D6A6 /* LetgoClone.app */;
			productType = "com.apple.product-type.application";
		};
/* End PBXNativeTarget section */

/* Begin PBXProject section */
		0DD0BFFF2AE14CB20013D6A6 /* Project object */ = {
			isa = PBXProject;
			attributes = {
				BuildIndependentTargetsInParallel = 1;
				LastSwiftUpdateCheck = 1430;
				LastUpgradeCheck = 1430;
				TargetAttributes = {
					0DD0C0062AE14CB20013D6A6 = {
						CreatedOnToolsVersion = 14.3.1;
					};
				};
			};
			buildConfigurationList = 0DD0C0022AE14CB20013D6A6 /* Build configuration list for PBXProject "LetgoClone" */;
			compatibilityVersion = "Xcode 14.0";
			developmentRegion = en;
			hasScannedForEncodings = 0;
			knownRegions = (
				en,
				Base,
			);
			mainGroup = 0DD0BFFE2AE14CB20013D6A6;
			packageReferences = (
				0DD0C0262AE151AA0013D6A6 /* XCRemoteSwiftPackageReference "firebase-ios-sdk" */,
			);
			productRefGroup = 0DD0C0082AE14CB20013D6A6 /* Products */;
			projectDirPath = "";
			projectRoot = "";
			targets = (
				0DD0C0062AE14CB20013D6A6 /* LetgoClone */,
			);
		};
/* End PBXProject section */

/* Begin PBXResourcesBuildPhase section */
		0DD0C0052AE14CB20013D6A6 /* Resources */ = {
			isa = PBXResourcesBuildPhase;
			buildActionMask = 2147483647;
			files = (
				0DD0C0122AE14CB60013D6A6 /* Preview Assets.xcassets in Resources */,
				0DD0C00F2AE14CB60013D6A6 /* Assets.xcassets in Resources */,
				0D9057A22AE3E2CC008A03F4 /* Launch Screen.storyboard in Resources */,
				0DD0C0252AE150BE0013D6A6 /* GoogleService-Info.plist in Resources */,
			);
			runOnlyForDeploymentPostprocessing = 0;
		};
/* End PBXResourcesBuildPhase section */

/* Begin PBXSourcesBuildPhase section */
		0DD0C0032AE14CB20013D6A6 /* Sources */ = {
			isa = PBXSourcesBuildPhase;
			buildActionMask = 2147483647;
			files = (
				0D46F4E22AEAE53E0026828A /* ImagePicker.swift in Sources */,
				0DD0C0372AE1A94A0013D6A6 /* TabBarPage.swift in Sources */,
				0DD0C02F2AE16E940013D6A6 /* UserModel.swift in Sources */,
				0DD0C03D2AE1A9F60013D6A6 /* SalePublishPage.swift in Sources */,
				0DB8C5BD2AEE99A00091A395 /* ChatRow.swift in Sources */,
				0DD0C0312AE16FDC0013D6A6 /* UserStore.swift in Sources */,
				0D85B7F32AEA817D00656112 /* SaleStore.swift in Sources */,
				0D46F4F72AED28C30026828A /* SignOutPage.swift in Sources */,
				0DD0C0392AE1A9D50013D6A6 /* ProfilePage.swift in Sources */,
				0D46F4F92AED6FA70026828A /* SessionManager.swift in Sources */,
				0DB8C5BB2AEE8B4B0091A395 /* ChatStore.swift in Sources */,
				0D46F4E02AEAD7FA0026828A /* SaleDetailView.swift in Sources */,
				0DD0C00B2AE14CB30013D6A6 /* LetgoCloneApp.swift in Sources */,
				0DB8C5B72AEE76510091A395 /* ChatModel.swift in Sources */,
				0D85B7F12AEA801200656112 /* SaleModel.swift in Sources */,
				0DD0C0332AE170990013D6A6 /* SignInPage.swift in Sources */,
				0DD0C03B2AE1A9E40013D6A6 /* ChatPage.swift in Sources */,
				0DD0C03F2AE1AA0F0013D6A6 /* SaleCreatePage.swift in Sources */,
			);
			runOnlyForDeploymentPostprocessing = 0;
		};
/* End PBXSourcesBuildPhase section */

/* Begin XCBuildConfiguration section */
		0DD0C0132AE14CB60013D6A6 /* Debug */ = {
			isa = XCBuildConfiguration;
			buildSettings = {
				ALWAYS_SEARCH_USER_PATHS = NO;
				CLANG_ANALYZER_NONNULL = YES;
				CLANG_ANALYZER_NUMBER_OBJECT_CONVERSION = YES_AGGRESSIVE;
				CLANG_CXX_LANGUAGE_STANDARD = "gnu++20";
				CLANG_ENABLE_MODULES = YES;
				CLANG_ENABLE_OBJC_ARC = YES;
				CLANG_ENABLE_OBJC_WEAK = YES;
				CLANG_WARN_BLOCK_CAPTURE_AUTORELEASING = YES;
				CLANG_WARN_BOOL_CONVERSION = YES;
				CLANG_WARN_COMMA = YES;
				CLANG_WARN_CONSTANT_CONVERSION = YES;
				CLANG_WARN_DEPRECATED_OBJC_IMPLEMENTATIONS = YES;
				CLANG_WARN_DIRECT_OBJC_ISA_USAGE = YES_ERROR;
				CLANG_WARN_DOCUMENTATION_COMMENTS = YES;
				CLANG_WARN_EMPTY_BODY = YES;
				CLANG_WARN_ENUM_CONVERSION = YES;
				CLANG_WARN_INFINITE_RECURSION = YES;
				CLANG_WARN_INT_CONVERSION = YES;
				CLANG_WARN_NON_LITERAL_NULL_CONVERSION = YES;
				CLANG_WARN_OBJC_IMPLICIT_RETAIN_SELF = YES;
				CLANG_WARN_OBJC_LITERAL_CONVERSION = YES;
				CLANG_WARN_OBJC_ROOT_CLASS = YES_ERROR;
				CLANG_WARN_QUOTED_INCLUDE_IN_FRAMEWORK_HEADER = YES;
				CLANG_WARN_RANGE_LOOP_ANALYSIS = YES;
				CLANG_WARN_STRICT_PROTOTYPES = YES;
				CLANG_WARN_SUSPICIOUS_MOVE = YES;
				CLANG_WARN_UNGUARDED_AVAILABILITY = YES_AGGRESSIVE;
				CLANG_WARN_UNREACHABLE_CODE = YES;
				CLANG_WARN__DUPLICATE_METHOD_MATCH = YES;
				COPY_PHASE_STRIP = NO;
				DEBUG_INFORMATION_FORMAT = dwarf;
				ENABLE_STRICT_OBJC_MSGSEND = YES;
				ENABLE_TESTABILITY = YES;
				GCC_C_LANGUAGE_STANDARD = gnu11;
				GCC_DYNAMIC_NO_PIC = NO;
				GCC_NO_COMMON_BLOCKS = YES;
				GCC_OPTIMIZATION_LEVEL = 0;
				GCC_PREPROCESSOR_DEFINITIONS = (
					"DEBUG=1",
					"$(inherited)",
				);
				GCC_WARN_64_TO_32_BIT_CONVERSION = YES;
				GCC_WARN_ABOUT_RETURN_TYPE = YES_ERROR;
				GCC_WARN_UNDECLARED_SELECTOR = YES;
				GCC_WARN_UNINITIALIZED_AUTOS = YES_AGGRESSIVE;
				GCC_WARN_UNUSED_FUNCTION = YES;
				GCC_WARN_UNUSED_VARIABLE = YES;
				INFOPLIST_KEY_UILaunchScreen_Generation = NO;
				INFOPLIST_KEY_UILaunchStoryboardName = "";
				IPHONEOS_DEPLOYMENT_TARGET = 16.4;
				MTL_ENABLE_DEBUG_INFO = INCLUDE_SOURCE;
				MTL_FAST_MATH = YES;
				ONLY_ACTIVE_ARCH = YES;
				SDKROOT = iphoneos;
				SWIFT_ACTIVE_COMPILATION_CONDITIONS = DEBUG;
				SWIFT_OPTIMIZATION_LEVEL = "-Onone";
			};
			name = Debug;
		};
		0DD0C0142AE14CB60013D6A6 /* Release */ = {
			isa = XCBuildConfiguration;
			buildSettings = {
				ALWAYS_SEARCH_USER_PATHS = NO;
				CLANG_ANALYZER_NONNULL = YES;
				CLANG_ANALYZER_NUMBER_OBJECT_CONVERSION = YES_AGGRESSIVE;
				CLANG_CXX_LANGUAGE_STANDARD = "gnu++20";
				CLANG_ENABLE_MODULES = YES;
				CLANG_ENABLE_OBJC_ARC = YES;
				CLANG_ENABLE_OBJC_WEAK = YES;
				CLANG_WARN_BLOCK_CAPTURE_AUTORELEASING = YES;
				CLANG_WARN_BOOL_CONVERSION = YES;
				CLANG_WARN_COMMA = YES;
				CLANG_WARN_CONSTANT_CONVERSION = YES;
				CLANG_WARN_DEPRECATED_OBJC_IMPLEMENTATIONS = YES;
				CLANG_WARN_DIRECT_OBJC_ISA_USAGE = YES_ERROR;
				CLANG_WARN_DOCUMENTATION_COMMENTS = YES;
				CLANG_WARN_EMPTY_BODY = YES;
				CLANG_WARN_ENUM_CONVERSION = YES;
				CLANG_WARN_INFINITE_RECURSION = YES;
				CLANG_WARN_INT_CONVERSION = YES;
				CLANG_WARN_NON_LITERAL_NULL_CONVERSION = YES;
				CLANG_WARN_OBJC_IMPLICIT_RETAIN_SELF = YES;
				CLANG_WARN_OBJC_LITERAL_CONVERSION = YES;
				CLANG_WARN_OBJC_ROOT_CLASS = YES_ERROR;
				CLANG_WARN_QUOTED_INCLUDE_IN_FRAMEWORK_HEADER = YES;
				CLANG_WARN_RANGE_LOOP_ANALYSIS = YES;
				CLANG_WARN_STRICT_PROTOTYPES = YES;
				CLANG_WARN_SUSPICIOUS_MOVE = YES;
				CLANG_WARN_UNGUARDED_AVAILABILITY = YES_AGGRESSIVE;
				CLANG_WARN_UNREACHABLE_CODE = YES;
				CLANG_WARN__DUPLICATE_METHOD_MATCH = YES;
				COPY_PHASE_STRIP = NO;
				DEBUG_INFORMATION_FORMAT = "dwarf-with-dsym";
				ENABLE_NS_ASSERTIONS = NO;
				ENABLE_STRICT_OBJC_MSGSEND = YES;
				GCC_C_LANGUAGE_STANDARD = gnu11;
				GCC_NO_COMMON_BLOCKS = YES;
				GCC_WARN_64_TO_32_BIT_CONVERSION = YES;
				GCC_WARN_ABOUT_RETURN_TYPE = YES_ERROR;
				GCC_WARN_UNDECLARED_SELECTOR = YES;
				GCC_WARN_UNINITIALIZED_AUTOS = YES_AGGRESSIVE;
				GCC_WARN_UNUSED_FUNCTION = YES;
				GCC_WARN_UNUSED_VARIABLE = YES;
				INFOPLIST_KEY_UILaunchScreen_Generation = NO;
				INFOPLIST_KEY_UILaunchStoryboardName = "";
				IPHONEOS_DEPLOYMENT_TARGET = 16.4;
				MTL_ENABLE_DEBUG_INFO = NO;
				MTL_FAST_MATH = YES;
				SDKROOT = iphoneos;
				SWIFT_COMPILATION_MODE = wholemodule;
				SWIFT_OPTIMIZATION_LEVEL = "-O";
				VALIDATE_PRODUCT = YES;
			};
			name = Release;
		};
		0DD0C0162AE14CB60013D6A6 /* Debug */ = {
			isa = XCBuildConfiguration;
			buildSettings = {
				ASSETCATALOG_COMPILER_APPICON_NAME = AppIcon;
				ASSETCATALOG_COMPILER_GLOBAL_ACCENT_COLOR_NAME = AccentColor;
				CODE_SIGN_STYLE = Automatic;
				CURRENT_PROJECT_VERSION = 1;
				DEVELOPMENT_ASSET_PATHS = "\"LetgoClone/Preview Content\"";
				DEVELOPMENT_TEAM = FBZUYY39RC;
				ENABLE_PREVIEWS = YES;
				GENERATE_INFOPLIST_FILE = YES;
				INFOPLIST_KEY_UIApplicationSceneManifest_Generation = YES;
				INFOPLIST_KEY_UIApplicationSupportsIndirectInputEvents = YES;
				INFOPLIST_KEY_UILaunchScreen_Generation = YES;
				INFOPLIST_KEY_UILaunchStoryboardName = "Launch Screen.storyboard";
				INFOPLIST_KEY_UISupportedInterfaceOrientations_iPad = "UIInterfaceOrientationPortrait UIInterfaceOrientationPortraitUpsideDown UIInterfaceOrientationLandscapeLeft UIInterfaceOrientationLandscapeRight";
				INFOPLIST_KEY_UISupportedInterfaceOrientations_iPhone = "UIInterfaceOrientationPortrait UIInterfaceOrientationLandscapeLeft UIInterfaceOrientationLandscapeRight";
				IPHONEOS_DEPLOYMENT_TARGET = 16.0;
				LD_RUNPATH_SEARCH_PATHS = (
					"$(inherited)",
					"@executable_path/Frameworks",
				);
				MARKETING_VERSION = 1.0;
				PRODUCT_BUNDLE_IDENTIFIER = com.ahmetonur.LetgoClone;
				PRODUCT_NAME = "$(TARGET_NAME)";
				SWIFT_EMIT_LOC_STRINGS = YES;
				SWIFT_VERSION = 5.0;
				TARGETED_DEVICE_FAMILY = "1,2";
			};
			name = Debug;
		};
		0DD0C0172AE14CB60013D6A6 /* Release */ = {
			isa = XCBuildConfiguration;
			buildSettings = {
				ASSETCATALOG_COMPILER_APPICON_NAME = AppIcon;
				ASSETCATALOG_COMPILER_GLOBAL_ACCENT_COLOR_NAME = AccentColor;
				CODE_SIGN_STYLE = Automatic;
				CURRENT_PROJECT_VERSION = 1;
				DEVELOPMENT_ASSET_PATHS = "\"LetgoClone/Preview Content\"";
				DEVELOPMENT_TEAM = FBZUYY39RC;
				ENABLE_PREVIEWS = YES;
				GENERATE_INFOPLIST_FILE = YES;
				INFOPLIST_KEY_UIApplicationSceneManifest_Generation = YES;
				INFOPLIST_KEY_UIApplicationSupportsIndirectInputEvents = YES;
				INFOPLIST_KEY_UILaunchScreen_Generation = YES;
				INFOPLIST_KEY_UILaunchStoryboardName = "Launch Screen.storyboard";
				INFOPLIST_KEY_UISupportedInterfaceOrientations_iPad = "UIInterfaceOrientationPortrait UIInterfaceOrientationPortraitUpsideDown UIInterfaceOrientationLandscapeLeft UIInterfaceOrientationLandscapeRight";
				INFOPLIST_KEY_UISupportedInterfaceOrientations_iPhone = "UIInterfaceOrientationPortrait UIInterfaceOrientationLandscapeLeft UIInterfaceOrientationLandscapeRight";
				IPHONEOS_DEPLOYMENT_TARGET = 16.0;
				LD_RUNPATH_SEARCH_PATHS = (
					"$(inherited)",
					"@executable_path/Frameworks",
				);
				MARKETING_VERSION = 1.0;
				PRODUCT_BUNDLE_IDENTIFIER = com.ahmetonur.LetgoClone;
				PRODUCT_NAME = "$(TARGET_NAME)";
				SWIFT_EMIT_LOC_STRINGS = YES;
				SWIFT_VERSION = 5.0;
				TARGETED_DEVICE_FAMILY = "1,2";
			};
			name = Release;
		};
/* End XCBuildConfiguration section */

/* Begin XCConfigurationList section */
		0DD0C0022AE14CB20013D6A6 /* Build configuration list for PBXProject "LetgoClone" */ = {
			isa = XCConfigurationList;
			buildConfigurations = (
				0DD0C0132AE14CB60013D6A6 /* Debug */,
				0DD0C0142AE14CB60013D6A6 /* Release */,
			);
			defaultConfigurationIsVisible = 0;
			defaultConfigurationName = Release;
		};
		0DD0C0152AE14CB60013D6A6 /* Build configuration list for PBXNativeTarget "LetgoClone" */ = {
			isa = XCConfigurationList;
			buildConfigurations = (
				0DD0C0162AE14CB60013D6A6 /* Debug */,
				0DD0C0172AE14CB60013D6A6 /* Release */,
			);
			defaultConfigurationIsVisible = 0;
			defaultConfigurationName = Release;
		};
/* End XCConfigurationList section */

/* Begin XCRemoteSwiftPackageReference section */
		0DD0C0262AE151AA0013D6A6 /* XCRemoteSwiftPackageReference "firebase-ios-sdk" */ = {
			isa = XCRemoteSwiftPackageReference;
			repositoryURL = "https://github.com/firebase/firebase-ios-sdk";
			requirement = {
				kind = upToNextMajorVersion;
				minimumVersion = 10.0.0;
			};
		};
/* End XCRemoteSwiftPackageReference section */

/* Begin XCSwiftPackageProductDependency section */
		0D85B7F52AEA983200656112 /* FirebaseStorage */ = {
			isa = XCSwiftPackageProductDependency;
			package = 0DD0C0262AE151AA0013D6A6 /* XCRemoteSwiftPackageReference "firebase-ios-sdk" */;
			productName = FirebaseStorage;
		};
		0DD0C0272AE151AA0013D6A6 /* FirebaseAuth */ = {
			isa = XCSwiftPackageProductDependency;
			package = 0DD0C0262AE151AA0013D6A6 /* XCRemoteSwiftPackageReference "firebase-ios-sdk" */;
			productName = FirebaseAuth;
		};
		0DD0C0292AE151AA0013D6A6 /* FirebaseFirestore */ = {
			isa = XCSwiftPackageProductDependency;
			package = 0DD0C0262AE151AA0013D6A6 /* XCRemoteSwiftPackageReference "firebase-ios-sdk" */;
			productName = FirebaseFirestore;
		};
/* End XCSwiftPackageProductDependency section */
	};
	rootObject = 0DD0BFFF2AE14CB20013D6A6 /* Project object */;
}
